// !$*UTF8*$!
{
	archiveVersion = 1;
	classes = {
	};
	objectVersion = 56;
	objects = {

/* Begin PBXBuildFile section */
		69E2D6102B56FB4000150FA5 /* calculadoraApp.swift in Sources */ = {isa = PBXBuildFile; fileRef = 69E2D60F2B56FB4000150FA5 /* calculadoraApp.swift */; };
		69E2D6142B56FB4200150FA5 /* Assets.xcassets in Resources */ = {isa = PBXBuildFile; fileRef = 69E2D6132B56FB4200150FA5 /* Assets.xcassets */; };
		69E2D6172B56FB4200150FA5 /* Preview Assets.xcassets in Resources */ = {isa = PBXBuildFile; fileRef = 69E2D6162B56FB4200150FA5 /* Preview Assets.xcassets */; };
		69E2D6212B56FB4200150FA5 /* calculadoraTests.swift in Sources */ = {isa = PBXBuildFile; fileRef = 69E2D6202B56FB4200150FA5 /* calculadoraTests.swift */; };
		69E2D62B2B56FB4200150FA5 /* calculadoraUITests.swift in Sources */ = {isa = PBXBuildFile; fileRef = 69E2D62A2B56FB4200150FA5 /* calculadoraUITests.swift */; };
		69E2D62D2B56FB4200150FA5 /* calculadoraUITestsLaunchTests.swift in Sources */ = {isa = PBXBuildFile; fileRef = 69E2D62C2B56FB4200150FA5 /* calculadoraUITestsLaunchTests.swift */; };
		69E2D63B2B5734FB00150FA5 /* ContentView.swift in Sources */ = {isa = PBXBuildFile; fileRef = 69E2D6112B56FB4000150FA5 /* ContentView.swift */; };
/* End PBXBuildFile section */

/* Begin PBXContainerItemProxy section */
		69E2D61D2B56FB4200150FA5 /* PBXContainerItemProxy */ = {
			isa = PBXContainerItemProxy;
			containerPortal = 69E2D6042B56FB4000150FA5 /* Project object */;
			proxyType = 1;
			remoteGlobalIDString = 69E2D60B2B56FB4000150FA5;
			remoteInfo = calculadora;
		};
		69E2D6272B56FB4200150FA5 /* PBXContainerItemProxy */ = {
			isa = PBXContainerItemProxy;
			containerPortal = 69E2D6042B56FB4000150FA5 /* Project object */;
			proxyType = 1;
			remoteGlobalIDString = 69E2D60B2B56FB4000150FA5;
			remoteInfo = calculadora;
		};
/* End PBXContainerItemProxy section */

/* Begin PBXFileReference section */
		69E2D60C2B56FB4000150FA5 /* calculadora.app */ = {isa = PBXFileReference; explicitFileType = wrapper.application; includeInIndex = 0; path = calculadora.app; sourceTree = BUILT_PRODUCTS_DIR; };
		69E2D60F2B56FB4000150FA5 /* calculadoraApp.swift */ = {isa = PBXFileReference; lastKnownFileType = sourcecode.swift; path = calculadoraApp.swift; sourceTree = "<group>"; };
		69E2D6112B56FB4000150FA5 /* ContentView.swift */ = {isa = PBXFileReference; lastKnownFileType = sourcecode.swift; path = ContentView.swift; sourceTree = "<group>"; };
		69E2D6132B56FB4200150FA5 /* Assets.xcassets */ = {isa = PBXFileReference; lastKnownFileType = folder.assetcatalog; path = Assets.xcassets; sourceTree = "<group>"; };
		69E2D6162B56FB4200150FA5 /* Preview Assets.xcassets */ = {isa = PBXFileReference; lastKnownFileType = folder.assetcatalog; path = "Preview Assets.xcassets"; sourceTree = "<group>"; };
		69E2D61C2B56FB4200150FA5 /* calculadoraTests.xctest */ = {isa = PBXFileReference; explicitFileType = wrapper.cfbundle; includeInIndex = 0; path = calculadoraTests.xctest; sourceTree = BUILT_PRODUCTS_DIR; };
		69E2D6202B56FB4200150FA5 /* calculadoraTests.swift */ = {isa = PBXFileReference; lastKnownFileType = sourcecode.swift; path = calculadoraTests.swift; sourceTree = "<group>"; };
		69E2D6262B56FB4200150FA5 /* calculadoraUITests.xctest */ = {isa = PBXFileReference; explicitFileType = wrapper.cfbundle; includeInIndex = 0; path = calculadoraUITests.xctest; sourceTree = BUILT_PRODUCTS_DIR; };
		69E2D62A2B56FB4200150FA5 /* calculadoraUITests.swift */ = {isa = PBXFileReference; lastKnownFileType = sourcecode.swift; path = calculadoraUITests.swift; sourceTree = "<group>"; };
		69E2D62C2B56FB4200150FA5 /* calculadoraUITestsLaunchTests.swift */ = {isa = PBXFileReference; lastKnownFileType = sourcecode.swift; path = calculadoraUITestsLaunchTests.swift; sourceTree = "<group>"; };
/* End PBXFileReference section */

/* Begin PBXFrameworksBuildPhase section */
		69E2D6092B56FB4000150FA5 /* Frameworks */ = {
			isa = PBXFrameworksBuildPhase;
			buildActionMask = 2147483647;
			files = (
			);
			runOnlyForDeploymentPostprocessing = 0;
		};
		69E2D6192B56FB4200150FA5 /* Frameworks */ = {
			isa = PBXFrameworksBuildPhase;
			buildActionMask = 2147483647;
			files = (
			);
			runOnlyForDeploymentPostprocessing = 0;
		};
		69E2D6232B56FB4200150FA5 /* Frameworks */ = {
			isa = PBXFrameworksBuildPhase;
			buildActionMask = 2147483647;
			files = (
			);
			runOnlyForDeploymentPostprocessing = 0;
		};
/* End PBXFrameworksBuildPhase section */

/* Begin PBXGroup section */
		69E2D6032B56FB4000150FA5 = {
			isa = PBXGroup;
			children = (
				69E2D60E2B56FB4000150FA5 /* calculadora */,
				69E2D61F2B56FB4200150FA5 /* calculadoraTests */,
				69E2D6292B56FB4200150FA5 /* calculadoraUITests */,
				69E2D60D2B56FB4000150FA5 /* Products */,
			);
			sourceTree = "<group>";
		};
		69E2D60D2B56FB4000150FA5 /* Products */ = {
			isa = PBXGroup;
			children = (
				69E2D60C2B56FB4000150FA5 /* calculadora.app */,
				69E2D61C2B56FB4200150FA5 /* calculadoraTests.xctest */,
				69E2D6262B56FB4200150FA5 /* calculadoraUITests.xctest */,
			);
			name = Products;
			sourceTree = "<group>";
		};
		69E2D60E2B56FB4000150FA5 /* calculadora */ = {
			isa = PBXGroup;
			children = (
				69E2D60F2B56FB4000150FA5 /* calculadoraApp.swift */,
				69E2D6112B56FB4000150FA5 /* ContentView.swift */,
				69E2D6132B56FB4200150FA5 /* Assets.xcassets */,
				69E2D6152B56FB4200150FA5 /* Preview Content */,
			);
			path = calculadora;
			sourceTree = "<group>";
		};
		69E2D6152B56FB4200150FA5 /* Preview Content */ = {
			isa = PBXGroup;
			children = (
				69E2D6162B56FB4200150FA5 /* Preview Assets.xcassets */,
			);
			path = "Preview Content";
			sourceTree = "<group>";
		};
		69E2D61F2B56FB4200150FA5 /* calculadoraTests */ = {
			isa = PBXGroup;
			children = (
				69E2D6202B56FB4200150FA5 /* calculadoraTests.swift */,
			);
			path = calculadoraTests;
			sourceTree = "<group>";
		};
		69E2D6292B56FB4200150FA5 /* calculadoraUITests */ = {
			isa = PBXGroup;
			children = (
				69E2D62A2B56FB4200150FA5 /* calculadoraUITests.swift */,
				69E2D62C2B56FB4200150FA5 /* calculadoraUITestsLaunchTests.swift */,
			);
			path = calculadoraUITests;
			sourceTree = "<group>";
		};
/* End PBXGroup section */

/* Begin PBXNativeTarget section */
		69E2D60B2B56FB4000150FA5 /* calculadora */ = {
			isa = PBXNativeTarget;
			buildConfigurationList = 69E2D6302B56FB4200150FA5 /* Build configuration list for PBXNativeTarget "calculadora" */;
			buildPhases = (
				69E2D6082B56FB4000150FA5 /* Sources */,
				69E2D6092B56FB4000150FA5 /* Frameworks */,
				69E2D60A2B56FB4000150FA5 /* Resources */,
			);
			buildRules = (
			);
			dependencies = (
			);
			name = calculadora;
			productName = calculadora;
			productReference = 69E2D60C2B56FB4000150FA5 /* calculadora.app */;
			productType = "com.apple.product-type.application";
		};
		69E2D61B2B56FB4200150FA5 /* calculadoraTests */ = {
			isa = PBXNativeTarget;
			buildConfigurationList = 69E2D6332B56FB4200150FA5 /* Build configuration list for PBXNativeTarget "calculadoraTests" */;
			buildPhases = (
				69E2D6182B56FB4200150FA5 /* Sources */,
				69E2D6192B56FB4200150FA5 /* Frameworks */,
				69E2D61A2B56FB4200150FA5 /* Resources */,
			);
			buildRules = (
			);
			dependencies = (
				69E2D61E2B56FB4200150FA5 /* PBXTargetDependency */,
			);
			name = calculadoraTests;
			productName = calculadoraTests;
			productReference = 69E2D61C2B56FB4200150FA5 /* calculadoraTests.xctest */;
			productType = "com.apple.product-type.bundle.unit-test";
		};
		69E2D6252B56FB4200150FA5 /* calculadoraUITests */ = {
			isa = PBXNativeTarget;
			buildConfigurationList = 69E2D6362B56FB4200150FA5 /* Build configuration list for PBXNativeTarget "calculadoraUITests" */;
			buildPhases = (
				69E2D6222B56FB4200150FA5 /* Sources */,
				69E2D6232B56FB4200150FA5 /* Frameworks */,
				69E2D6242B56FB4200150FA5 /* Resources */,
			);
			buildRules = (
			);
			dependencies = (
				69E2D6282B56FB4200150FA5 /* PBXTargetDependency */,
			);
			name = calculadoraUITests;
			productName = calculadoraUITests;
			productReference = 69E2D6262B56FB4200150FA5 /* calculadoraUITests.xctest */;
			productType = "com.apple.product-type.bundle.ui-testing";
		};
/* End PBXNativeTarget section */

/* Begin PBXProject section */
		69E2D6042B56FB4000150FA5 /* Project object */ = {
			isa = PBXProject;
			attributes = {
				BuildIndependentTargetsInParallel = 1;
				LastSwiftUpdateCheck = 1520;
				LastUpgradeCheck = 1520;
				TargetAttributes = {
					69E2D60B2B56FB4000150FA5 = {
						CreatedOnToolsVersion = 15.2;
					};
					69E2D61B2B56FB4200150FA5 = {
						CreatedOnToolsVersion = 15.2;
						TestTargetID = 69E2D60B2B56FB4000150FA5;
					};
					69E2D6252B56FB4200150FA5 = {
						CreatedOnToolsVersion = 15.2;
						TestTargetID = 69E2D60B2B56FB4000150FA5;
					};
				};
			};
			buildConfigurationList = 69E2D6072B56FB4000150FA5 /* Build configuration list for PBXProject "calculadora ios" */;
			compatibilityVersion = "Xcode 14.0";
			developmentRegion = en;
			hasScannedForEncodings = 0;
			knownRegions = (
				en,
				Base,
			);
			mainGroup = 69E2D6032B56FB4000150FA5;
			productRefGroup = 69E2D60D2B56FB4000150FA5 /* Products */;
			projectDirPath = "";
			projectRoot = "";
			targets = (
				69E2D60B2B56FB4000150FA5 /* calculadora */,
				69E2D61B2B56FB4200150FA5 /* calculadoraTests */,
				69E2D6252B56FB4200150FA5 /* calculadoraUITests */,
			);
		};
/* End PBXProject section */

/* Begin PBXResourcesBuildPhase section */
		69E2D60A2B56FB4000150FA5 /* Resources */ = {
			isa = PBXResourcesBuildPhase;
			buildActionMask = 2147483647;
			files = (
				69E2D6172B56FB4200150FA5 /* Preview Assets.xcassets in Resources */,
				69E2D6142B56FB4200150FA5 /* Assets.xcassets in Resources */,
			);
			runOnlyForDeploymentPostprocessing = 0;
		};
		69E2D61A2B56FB4200150FA5 /* Resources */ = {
			isa = PBXResourcesBuildPhase;
			buildActionMask = 2147483647;
			files = (
			);
			runOnlyForDeploymentPostprocessing = 0;
		};
		69E2D6242B56FB4200150FA5 /* Resources */ = {
			isa = PBXResourcesBuildPhase;
			buildActionMask = 2147483647;
			files = (
			);
			runOnlyForDeploymentPostprocessing = 0;
		};
/* End PBXResourcesBuildPhase section */

/* Begin PBXSourcesBuildPhase section */
		69E2D6082B56FB4000150FA5 /* Sources */ = {
			isa = PBXSourcesBuildPhase;
			buildActionMask = 2147483647;
			files = (
				69E2D63B2B5734FB00150FA5 /* ContentView.swift in Sources */,
				69E2D6102B56FB4000150FA5 /* calculadoraApp.swift in Sources */,
			);
			runOnlyForDeploymentPostprocessing = 0;
		};
		69E2D6182B56FB4200150FA5 /* Sources */ = {
			isa = PBXSourcesBuildPhase;
			buildActionMask = 2147483647;
			files = (
				69E2D6212B56FB4200150FA5 /* calculadoraTests.swift in Sources */,
			);
			runOnlyForDeploymentPostprocessing = 0;
		};
		69E2D6222B56FB4200150FA5 /* Sources */ = {
			isa = PBXSourcesBuildPhase;
			buildActionMask = 2147483647;
			files = (
				69E2D62D2B56FB4200150FA5 /* calculadoraUITestsLaunchTests.swift in Sources */,
				69E2D62B2B56FB4200150FA5 /* calculadoraUITests.swift in Sources */,
			);
			runOnlyForDeploymentPostprocessing = 0;
		};
/* End PBXSourcesBuildPhase section */

/* Begin PBXTargetDependency section */
		69E2D61E2B56FB4200150FA5 /* PBXTargetDependency */ = {
			isa = PBXTargetDependency;
			target = 69E2D60B2B56FB4000150FA5 /* calculadora */;
			targetProxy = 69E2D61D2B56FB4200150FA5 /* PBXContainerItemProxy */;
		};
		69E2D6282B56FB4200150FA5 /* PBXTargetDependency */ = {
			isa = PBXTargetDependency;
			target = 69E2D60B2B56FB4000150FA5 /* calculadora */;
			targetProxy = 69E2D6272B56FB4200150FA5 /* PBXContainerItemProxy */;
		};
/* End PBXTargetDependency section */

/* Begin XCBuildConfiguration section */
		69E2D62E2B56FB4200150FA5 /* Debug */ = {
			isa = XCBuildConfiguration;
			buildSettings = {
				ALWAYS_SEARCH_USER_PATHS = NO;
				ASSETCATALOG_COMPILER_GENERATE_SWIFT_ASSET_SYMBOL_EXTENSIONS = YES;
				CLANG_ANALYZER_NONNULL = YES;
				CLANG_ANALYZER_NUMBER_OBJECT_CONVERSION = YES_AGGRESSIVE;
				CLANG_CXX_LANGUAGE_STANDARD = "gnu++20";
				CLANG_ENABLE_MODULES = YES;
				CLANG_ENABLE_OBJC_ARC = YES;
				CLANG_ENABLE_OBJC_WEAK = YES;
				CLANG_WARN_BLOCK_CAPTURE_AUTORELEASING = YES;
				CLANG_WARN_BOOL_CONVERSION = YES;
				CLANG_WARN_COMMA = YES;
				CLANG_WARN_CONSTANT_CONVERSION = YES;
				CLANG_WARN_DEPRECATED_OBJC_IMPLEMENTATIONS = YES;
				CLANG_WARN_DIRECT_OBJC_ISA_USAGE = YES_ERROR;
				CLANG_WARN_DOCUMENTATION_COMMENTS = YES;
				CLANG_WARN_EMPTY_BODY = YES;
				CLANG_WARN_ENUM_CONVERSION = YES;
				CLANG_WARN_INFINITE_RECURSION = YES;
				CLANG_WARN_INT_CONVERSION = YES;
				CLANG_WARN_NON_LITERAL_NULL_CONVERSION = YES;
				CLANG_WARN_OBJC_IMPLICIT_RETAIN_SELF = YES;
				CLANG_WARN_OBJC_LITERAL_CONVERSION = YES;
				CLANG_WARN_OBJC_ROOT_CLASS = YES_ERROR;
				CLANG_WARN_QUOTED_INCLUDE_IN_FRAMEWORK_HEADER = YES;
				CLANG_WARN_RANGE_LOOP_ANALYSIS = YES;
				CLANG_WARN_STRICT_PROTOTYPES = YES;
				CLANG_WARN_SUSPICIOUS_MOVE = YES;
				CLANG_WARN_UNGUARDED_AVAILABILITY = YES_AGGRESSIVE;
				CLANG_WARN_UNREACHABLE_CODE = YES;
				CLANG_WARN__DUPLICATE_METHOD_MATCH = YES;
				COPY_PHASE_STRIP = NO;
				DEBUG_INFORMATION_FORMAT = dwarf;
				ENABLE_STRICT_OBJC_MSGSEND = YES;
				ENABLE_TESTABILITY = YES;
				ENABLE_USER_SCRIPT_SANDBOXING = YES;
				GCC_C_LANGUAGE_STANDARD = gnu17;
				GCC_DYNAMIC_NO_PIC = NO;
				GCC_NO_COMMON_BLOCKS = YES;
				GCC_OPTIMIZATION_LEVEL = 0;
				GCC_PREPROCESSOR_DEFINITIONS = (
					"DEBUG=1",
					"$(inherited)",
				);
				GCC_WARN_64_TO_32_BIT_CONVERSION = YES;
				GCC_WARN_ABOUT_RETURN_TYPE = YES_ERROR;
				GCC_WARN_UNDECLARED_SELECTOR = YES;
				GCC_WARN_UNINITIALIZED_AUTOS = YES_AGGRESSIVE;
				GCC_WARN_UNUSED_FUNCTION = YES;
				GCC_WARN_UNUSED_VARIABLE = YES;
				IPHONEOS_DEPLOYMENT_TARGET = 17.2;
				LOCALIZATION_PREFERS_STRING_CATALOGS = YES;
				MTL_ENABLE_DEBUG_INFO = INCLUDE_SOURCE;
				MTL_FAST_MATH = YES;
				ONLY_ACTIVE_ARCH = YES;
				SDKROOT = iphoneos;
				SWIFT_ACTIVE_COMPILATION_CONDITIONS = "DEBUG $(inherited)";
				SWIFT_OPTIMIZATION_LEVEL = "-Onone";
			};
			name = Debug;
		};
		69E2D62F2B56FB4200150FA5 /* Release */ = {
			isa = XCBuildConfiguration;
			buildSettings = {
				ALWAYS_SEARCH_USER_PATHS = NO;
				ASSETCATALOG_COMPILER_GENERATE_SWIFT_ASSET_SYMBOL_EXTENSIONS = YES;
				CLANG_ANALYZER_NONNULL = YES;
				CLANG_ANALYZER_NUMBER_OBJECT_CONVERSION = YES_AGGRESSIVE;
				CLANG_CXX_LANGUAGE_STANDARD = "gnu++20";
				CLANG_ENABLE_MODULES = YES;
				CLANG_ENABLE_OBJC_ARC = YES;
				CLANG_ENABLE_OBJC_WEAK = YES;
				CLANG_WARN_BLOCK_CAPTURE_AUTORELEASING = YES;
				CLANG_WARN_BOOL_CONVERSION = YES;
				CLANG_WARN_COMMA = YES;
				CLANG_WARN_CONSTANT_CONVERSION = YES;
				CLANG_WARN_DEPRECATED_OBJC_IMPLEMENTATIONS = YES;
				CLANG_WARN_DIRECT_OBJC_ISA_USAGE = YES_ERROR;
				CLANG_WARN_DOCUMENTATION_COMMENTS = YES;
				CLANG_WARN_EMPTY_BODY = YES;
				CLANG_WARN_ENUM_CONVERSION = YES;
				CLANG_WARN_INFINITE_RECURSION = YES;
				CLANG_WARN_INT_CONVERSION = YES;
				CLANG_WARN_NON_LITERAL_NULL_CONVERSION = YES;
				CLANG_WARN_OBJC_IMPLICIT_RETAIN_SELF = YES;
				CLANG_WARN_OBJC_LITERAL_CONVERSION = YES;
				CLANG_WARN_OBJC_ROOT_CLASS = YES_ERROR;
				CLANG_WARN_QUOTED_INCLUDE_IN_FRAMEWORK_HEADER = YES;
				CLANG_WARN_RANGE_LOOP_ANALYSIS = YES;
				CLANG_WARN_STRICT_PROTOTYPES = YES;
				CLANG_WARN_SUSPICIOUS_MOVE = YES;
				CLANG_WARN_UNGUARDED_AVAILABILITY = YES_AGGRESSIVE;
				CLANG_WARN_UNREACHABLE_CODE = YES;
				CLANG_WARN__DUPLICATE_METHOD_MATCH = YES;
				COPY_PHASE_STRIP = NO;
				DEBUG_INFORMATION_FORMAT = "dwarf-with-dsym";
				ENABLE_NS_ASSERTIONS = NO;
				ENABLE_STRICT_OBJC_MSGSEND = YES;
				ENABLE_USER_SCRIPT_SANDBOXING = YES;
				GCC_C_LANGUAGE_STANDARD = gnu17;
				GCC_NO_COMMON_BLOCKS = YES;
				GCC_WARN_64_TO_32_BIT_CONVERSION = YES;
				GCC_WARN_ABOUT_RETURN_TYPE = YES_ERROR;
				GCC_WARN_UNDECLARED_SELECTOR = YES;
				GCC_WARN_UNINITIALIZED_AUTOS = YES_AGGRESSIVE;
				GCC_WARN_UNUSED_FUNCTION = YES;
				GCC_WARN_UNUSED_VARIABLE = YES;
				IPHONEOS_DEPLOYMENT_TARGET = 17.2;
				LOCALIZATION_PREFERS_STRING_CATALOGS = YES;
				MTL_ENABLE_DEBUG_INFO = NO;
				MTL_FAST_MATH = YES;
				SDKROOT = iphoneos;
				SWIFT_COMPILATION_MODE = wholemodule;
				VALIDATE_PRODUCT = YES;
			};
			name = Release;
		};
		69E2D6312B56FB4200150FA5 /* Debug */ = {
			isa = XCBuildConfiguration;
			buildSettings = {
				ASSETCATALOG_COMPILER_APPICON_NAME = AppIcon;
				ASSETCATALOG_COMPILER_GLOBAL_ACCENT_COLOR_NAME = AccentColor;
				CODE_SIGN_STYLE = Automatic;
				CURRENT_PROJECT_VERSION = 1;
				DEVELOPMENT_ASSET_PATHS = "\"calculadora/Preview Content\"";
				ENABLE_PREVIEWS = YES;
				GENERATE_INFOPLIST_FILE = YES;
				INFOPLIST_KEY_UIApplicationSceneManifest_Generation = YES;
				INFOPLIST_KEY_UIApplicationSupportsIndirectInputEvents = YES;
				INFOPLIST_KEY_UILaunchScreen_Generation = YES;
				INFOPLIST_KEY_UISupportedInterfaceOrientations_iPad = "UIInterfaceOrientationPortrait UIInterfaceOrientationPortraitUpsideDown UIInterfaceOrientationLandscapeLeft UIInterfaceOrientationLandscapeRight";
				INFOPLIST_KEY_UISupportedInterfaceOrientations_iPhone = "UIInterfaceOrientationPortrait UIInterfaceOrientationLandscapeLeft UIInterfaceOrientationLandscapeRight";
				LD_RUNPATH_SEARCH_PATHS = (
					"$(inherited)",
					"@executable_path/Frameworks",
				);
				MARKETING_VERSION = 1.0;
				PRODUCT_BUNDLE_IDENTIFIER = co.gates.calculadora;
				PRODUCT_NAME = "$(TARGET_NAME)";
				SWIFT_EMIT_LOC_STRINGS = YES;
				SWIFT_VERSION = 5.0;
				TARGETED_DEVICE_FAMILY = "1,2";
			};
			name = Debug;
		};
		69E2D6322B56FB4200150FA5 /* Release */ = {
			isa = XCBuildConfiguration;
			buildSettings = {
				ASSETCATALOG_COMPILER_APPICON_NAME = AppIcon;
				ASSETCATALOG_COMPILER_GLOBAL_ACCENT_COLOR_NAME = AccentColor;
				CODE_SIGN_STYLE = Automatic;
				CURRENT_PROJECT_VERSION = 1;
				DEVELOPMENT_ASSET_PATHS = "\"calculadora/Preview Content\"";
				ENABLE_PREVIEWS = YES;
				GENERATE_INFOPLIST_FILE = YES;
				INFOPLIST_KEY_UIApplicationSceneManifest_Generation = YES;
				INFOPLIST_KEY_UIApplicationSupportsIndirectInputEvents = YES;
				INFOPLIST_KEY_UILaunchScreen_Generation = YES;
				INFOPLIST_KEY_UISupportedInterfaceOrientations_iPad = "UIInterfaceOrientationPortrait UIInterfaceOrientationPortraitUpsideDown UIInterfaceOrientationLandscapeLeft UIInterfaceOrientationLandscapeRight";
				INFOPLIST_KEY_UISupportedInterfaceOrientations_iPhone = "UIInterfaceOrientationPortrait UIInterfaceOrientationLandscapeLeft UIInterfaceOrientationLandscapeRight";
				LD_RUNPATH_SEARCH_PATHS = (
					"$(inherited)",
					"@executable_path/Frameworks",
				);
				MARKETING_VERSION = 1.0;
				PRODUCT_BUNDLE_IDENTIFIER = co.gates.calculadora;
				PRODUCT_NAME = "$(TARGET_NAME)";
				SWIFT_EMIT_LOC_STRINGS = YES;
				SWIFT_VERSION = 5.0;
				TARGETED_DEVICE_FAMILY = "1,2";
			};
			name = Release;
		};
		69E2D6342B56FB4200150FA5 /* Debug */ = {
			isa = XCBuildConfiguration;
			buildSettings = {
				ALWAYS_EMBED_SWIFT_STANDARD_LIBRARIES = YES;
				BUNDLE_LOADER = "$(TEST_HOST)";
				CODE_SIGN_STYLE = Automatic;
				CURRENT_PROJECT_VERSION = 1;
				GENERATE_INFOPLIST_FILE = YES;
				IPHONEOS_DEPLOYMENT_TARGET = 17.2;
				MARKETING_VERSION = 1.0;
				PRODUCT_BUNDLE_IDENTIFIER = co.gates.calculadoraTests;
				PRODUCT_NAME = "$(TARGET_NAME)";
				SWIFT_EMIT_LOC_STRINGS = NO;
				SWIFT_VERSION = 5.0;
				TARGETED_DEVICE_FAMILY = "1,2";
				TEST_HOST = "$(BUILT_PRODUCTS_DIR)/calculadora.app/$(BUNDLE_EXECUTABLE_FOLDER_PATH)/calculadora";
			};
			name = Debug;
		};
		69E2D6352B56FB4200150FA5 /* Release */ = {
			isa = XCBuildConfiguration;
			buildSettings = {
				ALWAYS_EMBED_SWIFT_STANDARD_LIBRARIES = YES;
				BUNDLE_LOADER = "$(TEST_HOST)";
				CODE_SIGN_STYLE = Automatic;
				CURRENT_PROJECT_VERSION = 1;
				GENERATE_INFOPLIST_FILE = YES;
				IPHONEOS_DEPLOYMENT_TARGET = 17.2;
				MARKETING_VERSION = 1.0;
				PRODUCT_BUNDLE_IDENTIFIER = co.gates.calculadoraTests;
				PRODUCT_NAME = "$(TARGET_NAME)";
				SWIFT_EMIT_LOC_STRINGS = NO;
				SWIFT_VERSION = 5.0;
				TARGETED_DEVICE_FAMILY = "1,2";
				TEST_HOST = "$(BUILT_PRODUCTS_DIR)/calculadora.app/$(BUNDLE_EXECUTABLE_FOLDER_PATH)/calculadora";
			};
			name = Release;
		};
		69E2D6372B56FB4200150FA5 /* Debug */ = {
			isa = XCBuildConfiguration;
			buildSettings = {
				ALWAYS_EMBED_SWIFT_STANDARD_LIBRARIES = YES;
				CODE_SIGN_STYLE = Automatic;
				CURRENT_PROJECT_VERSION = 1;
				GENERATE_INFOPLIST_FILE = YES;
				MARKETING_VERSION = 1.0;
				PRODUCT_BUNDLE_IDENTIFIER = co.gates.calculadoraUITests;
				PRODUCT_NAME = "$(TARGET_NAME)";
				SWIFT_EMIT_LOC_STRINGS = NO;
				SWIFT_VERSION = 5.0;
				TARGETED_DEVICE_FAMILY = "1,2";
				TEST_TARGET_NAME = calculadora;
			};
			name = Debug;
		};
		69E2D6382B56FB4200150FA5 /* Release */ = {
			isa = XCBuildConfiguration;
			buildSettings = {
				ALWAYS_EMBED_SWIFT_STANDARD_LIBRARIES = YES;
				CODE_SIGN_STYLE = Automatic;
				CURRENT_PROJECT_VERSION = 1;
				GENERATE_INFOPLIST_FILE = YES;
				MARKETING_VERSION = 1.0;
				PRODUCT_BUNDLE_IDENTIFIER = co.gates.calculadoraUITests;
				PRODUCT_NAME = "$(TARGET_NAME)";
				SWIFT_EMIT_LOC_STRINGS = NO;
				SWIFT_VERSION = 5.0;
				TARGETED_DEVICE_FAMILY = "1,2";
				TEST_TARGET_NAME = calculadora;
			};
			name = Release;
		};
/* End XCBuildConfiguration section */

/* Begin XCConfigurationList section */
		69E2D6072B56FB4000150FA5 /* Build configuration list for PBXProject "calculadora ios" */ = {
			isa = XCConfigurationList;
			buildConfigurations = (
				69E2D62E2B56FB4200150FA5 /* Debug */,
				69E2D62F2B56FB4200150FA5 /* Release */,
			);
			defaultConfigurationIsVisible = 0;
			defaultConfigurationName = Release;
		};
		69E2D6302B56FB4200150FA5 /* Build configuration list for PBXNativeTarget "calculadora" */ = {
			isa = XCConfigurationList;
			buildConfigurations = (
				69E2D6312B56FB4200150FA5 /* Debug */,
				69E2D6322B56FB4200150FA5 /* Release */,
			);
			defaultConfigurationIsVisible = 0;
			defaultConfigurationName = Release;
		};
		69E2D6332B56FB4200150FA5 /* Build configuration list for PBXNativeTarget "calculadoraTests" */ = {
			isa = XCConfigurationList;
			buildConfigurations = (
				69E2D6342B56FB4200150FA5 /* Debug */,
				69E2D6352B56FB4200150FA5 /* Release */,
			);
			defaultConfigurationIsVisible = 0;
			defaultConfigurationName = Release;
		};
		69E2D6362B56FB4200150FA5 /* Build configuration list for PBXNativeTarget "calculadoraUITests" */ = {
			isa = XCConfigurationList;
			buildConfigurations = (
				69E2D6372B56FB4200150FA5 /* Debug */,
				69E2D6382B56FB4200150FA5 /* Release */,
			);
			defaultConfigurationIsVisible = 0;
			defaultConfigurationName = Release;
		};
/* End XCConfigurationList section */
	};
	rootObject = 69E2D6042B56FB4000150FA5 /* Project object */;
}
